
Microsoft Visual Studio Solution File, Format Version 12.00
# Visual Studio Version 17
VisualStudioVersion = 17.6.33829.357
MinimumVisualStudioVersion = 10.0.40219.1
Project("{FAE04EC0-301F-11D3-BF4B-00C04F79EFBC}") = "Apple and Orange", "Apple and Orange.csproj", "{B55EBD51-A7FA-4B78-A97D-5489536D1F8A}"
EndProject
Global
	GlobalSection(SolutionConfigurationPlatforms) = preSolution
		Debug|Any CPU = Debug|Any CPU
		Release|Any CPU = Release|Any CPU
	EndGlobalSection
	GlobalSection(ProjectConfigurationPlatforms) = postSolution
		{B55EBD51-A7FA-4B78-A97D-5489536D1F8A}.Debug|Any CPU.ActiveCfg = Debug|Any CPU
		{B55EBD51-A7FA-4B78-A97D-5489536D1F8A}.Debug|Any CPU.Build.0 = Debug|Any CPU
		{B55EBD51-A7FA-4B78-A97D-5489536D1F8A}.Release|Any CPU.ActiveCfg = Release|Any CPU
		{B55EBD51-A7FA-4B78-A97D-5489536D1F8A}.Release|Any CPU.Build.0 = Release|Any CPU
	EndGlobalSection
	GlobalSection(SolutionProperties) = preSolution
		HideSolutionNode = FALSE
	EndGlobalSection
	GlobalSection(ExtensibilityGlobals) = postSolution
		SolutionGuid = {D004440B-C92B-4BCD-993C-EB4F2D66B0DC}
	EndGlobalSection
EndGlobal
